
Microsoft Visual Studio Solution File, Format Version 12.00
# Visual Studio 14
VisualStudioVersion = 14.0.25420.1
MinimumVisualStudioVersion = 10.0.40219.1
Project("{2150E333-8FDC-42A3-9474-1A3956D46DE8}") = "Lab01", "Lab01", "{147BC571-8979-48A3-8057-A480107DC34F}"
EndProject
Project("{2150E333-8FDC-42A3-9474-1A3956D46DE8}") = "Lab02", "Lab02", "{A74187AB-C9AB-4ECF-8A15-352F5B512D3B}"
EndProject
Project("{FAE04EC0-301F-11D3-BF4B-00C04F79EFBC}") = "Lab02_Task02", "Lab02_Task02\Lab02_Task02.csproj", "{99DDF25A-84CF-44AC-AA74-2F029F15830A}"
EndProject
Project("{FAE04EC0-301F-11D3-BF4B-00C04F79EFBC}") = "Lab02_Task03", "Lab02_Task03\Lab02_Task03.csproj", "{EC3C445D-69DB-44AB-A372-CA541477BE48}"
EndProject
Project("{FAE04EC0-301F-11D3-BF4B-00C04F79EFBC}") = "Lab01_Task01", "Lab01_Task01\Lab01_Task01.csproj", "{A78E6855-E524-46DB-9662-6BCA6EA2E9E2}"
EndProject
Project("{FAE04EC0-301F-11D3-BF4B-00C04F79EFBC}") = "Lab01_Task02", "Lab01_Task02\Lab01_Task02.csproj", "{B8C06060-6024-4240-8315-41C8C9B7303E}"
EndProject
Project("{FAE04EC0-301F-11D3-BF4B-00C04F79EFBC}") = "Lab02_Task01a", "Lab02_Task01a\Lab02_Task01a.csproj", "{ABD8A0F8-1140-4441-8CD2-FFED8E0F233E}"
EndProject
Project("{FAE04EC0-301F-11D3-BF4B-00C04F79EFBC}") = "Lab02_Task01b", "Lab02_Task01b\Lab02_Task01b.csproj", "{B507D957-2670-49C5-AAE2-685C81032A21}"
EndProject
Project("{FAE04EC0-301F-11D3-BF4B-00C04F79EFBC}") = "HelloWorld", "HelloWorld\HelloWorld.csproj", "{543924B4-E4A7-48D7-919C-EF1006C2A21C}"
EndProject
Project("{2150E333-8FDC-42A3-9474-1A3956D46DE8}") = "Lab03", "Lab03", "{35D1B899-0C02-490A-9B9A-5978A6556775}"
EndProject
Project("{FAE04EC0-301F-11D3-BF4B-00C04F79EFBC}") = "Lab03_Task01", "Lab03_Task01\Lab03_Task01.csproj", "{835EE203-B110-4E79-86AC-96A2E2414685}"
EndProject
Project("{FAE04EC0-301F-11D3-BF4B-00C04F79EFBC}") = "Lab03_Task02", "Lab03_Task02\Lab03_Task02.csproj", "{4B078530-C367-41BD-8E83-9C19F609EFA7}"
EndProject
Project("{FAE04EC0-301F-11D3-BF4B-00C04F79EFBC}") = "Lab03_Task03", "Lab03_Task03\Lab03_Task03.csproj", "{807BB574-0608-45C5-AC57-0028FE8B7468}"
EndProject
Project("{2150E333-8FDC-42A3-9474-1A3956D46DE8}") = "Lab04", "Lab04", "{1FE19E09-CD2C-4CAB-B180-B64AF97C005B}"
EndProject
Project("{FAE04EC0-301F-11D3-BF4B-00C04F79EFBC}") = "Lab04_Task01", "Lab04_Task01\Lab04_Task01.csproj", "{7175C594-9AB1-4936-A4DD-1574C86192F0}"
EndProject
Project("{FAE04EC0-301F-11D3-BF4B-00C04F79EFBC}") = "Lab04_Task02", "Lab04_Task02\Lab04_Task02.csproj", "{E26B107F-A0C3-40AA-8524-B40629643EC0}"
EndProject
Project("{FAE04EC0-301F-11D3-BF4B-00C04F79EFBC}") = "Lab04_Task03", "Lab04_Task03\Lab04_Task03.csproj", "{58CA3E5B-57D3-4CAE-BFF0-F68D471E8E35}"
EndProject
Project("{FAE04EC0-301F-11D3-BF4B-00C04F79EFBC}") = "Lab04_Task04", "Lab04_Task04\Lab04_Task04.csproj", "{B7C608AC-F83A-44AE-8E3C-778537C22A3C}"
EndProject
Project("{2150E333-8FDC-42A3-9474-1A3956D46DE8}") = "Lab05", "Lab05", "{8612D25F-E898-4834-A7D8-4D1014A8EE31}"
EndProject
Project("{FAE04EC0-301F-11D3-BF4B-00C04F79EFBC}") = "Lab05_Task01", "Lab05_Task01\Lab05_Task01.csproj", "{FF8076DB-B461-407B-934A-160258EF2E22}"
EndProject
Project("{FAE04EC0-301F-11D3-BF4B-00C04F79EFBC}") = "Lab05_Task02", "Lab05_Task02\Lab05_Task02.csproj", "{FFB85EB4-2D78-4AFB-9FDD-C6321648D1CB}"
EndProject
Project("{FAE04EC0-301F-11D3-BF4B-00C04F79EFBC}") = "Lab05_Task03", "Lab05_Task03\Lab05_Task03.csproj", "{CC6410AB-FE42-4629-8107-5CA680F8CE30}"
EndProject
Project("{2150E333-8FDC-42A3-9474-1A3956D46DE8}") = "Lab06", "Lab06", "{52668BC4-6B60-4F34-A45E-74430EAA3277}"
EndProject
Project("{FAE04EC0-301F-11D3-BF4B-00C04F79EFBC}") = "Lab06_Task01", "Lab06_Task01\Lab06_Task01.csproj", "{BA1B19F5-34D8-453E-BB53-1F41EA426CE7}"
EndProject
Project("{FAE04EC0-301F-11D3-BF4B-00C04F79EFBC}") = "Lab06_Task02", "Lab06_Task02\Lab06_Task02.csproj", "{C4510149-4CE9-4370-BCF8-80A0A3E7F600}"
EndProject
Project("{FAE04EC0-301F-11D3-BF4B-00C04F79EFBC}") = "sampleTest", "sampleTest\sampleTest.csproj", "{36F1E1A9-E13B-4423-A9F7-518BC476DED0}"
EndProject
Project("{2150E333-8FDC-42A3-9474-1A3956D46DE8}") = "Lab07", "Lab07", "{57AF4383-68C9-4D80-B5D0-B45285925C26}"
EndProject
Project("{FAE04EC0-301F-11D3-BF4B-00C04F79EFBC}") = "Lab07_Task01", "Lab07_Task01\Lab07_Task01.csproj", "{3045FD58-9882-4B4A-B66B-570C2B5CCA83}"
EndProject
Project("{FAE04EC0-301F-11D3-BF4B-00C04F79EFBC}") = "Lab07_Task02", "Lab07_Task02\Lab07_Task02.csproj", "{A34015A5-8CB7-4082-9B11-36AF9A1CB61F}"
EndProject
Project("{FAE04EC0-301F-11D3-BF4B-00C04F79EFBC}") = "Lab07_Task03", "Lab07_Task03\Lab07_Task03.csproj", "{1EA484CF-F533-4A5C-A067-180E86CEFFBB}"
EndProject
Project("{FAE04EC0-301F-11D3-BF4B-00C04F79EFBC}") = "Lab07_Taks04", "Lab07_Taks04\Lab07_Taks04.csproj", "{B8B582D2-31AB-4CCF-9E9F-4F0F962F38B1}"
EndProject
Project("{2150E333-8FDC-42A3-9474-1A3956D46DE8}") = "Lab08", "Lab08", "{0607B87A-F01D-4ABC-B8EC-D45A01021CB1}"
EndProject
Project("{FAE04EC0-301F-11D3-BF4B-00C04F79EFBC}") = "Lab08_Task01", "Lab08_Task01\Lab08_Task01.csproj", "{A703AD88-763D-47F6-9D8B-F6E37408CE67}"
EndProject
Project("{FAE04EC0-301F-11D3-BF4B-00C04F79EFBC}") = "Lab08_Task02", "Lab08_Task02\Lab08_Task02.csproj", "{F9A7C09F-D301-420C-9689-F30A08DB92A6}"
EndProject
Project("{2150E333-8FDC-42A3-9474-1A3956D46DE8}") = "Lab09", "Lab09", "{809B1B9F-94D9-4177-BF0C-EC67F5628F17}"
EndProject
Project("{FAE04EC0-301F-11D3-BF4B-00C04F79EFBC}") = "Lab09_Task01", "Lab09_Task01\Lab09_Task01.csproj", "{21B9D81F-6FA7-4255-9B89-0039AA343CBF}"
EndProject
Project("{2150E333-8FDC-42A3-9474-1A3956D46DE8}") = "Lab10", "Lab10", "{77F8B82F-1DC4-45CE-BAB4-2300EC573A6F}"
EndProject
Project("{FAE04EC0-301F-11D3-BF4B-00C04F79EFBC}") = "Lab10_Task", "Lab10_Task\Lab10_Task.csproj", "{320733AB-0B54-4E78-A9B5-06DBD41AAA6A}"
EndProject
Project("{FAE04EC0-301F-11D3-BF4B-00C04F79EFBC}") = "Lab09_Task02", "Lab09_Task02\Lab09_Task02.csproj", "{5A448243-FEE3-4B8F-BA7F-A1B920E04EBB}"
EndProject
Project("{2150E333-8FDC-42A3-9474-1A3956D46DE8}") = "Lab11", "Lab11", "{37AEEEE7-5F07-4A68-9105-11A330736DCB}"
EndProject
Project("{FAE04EC0-301F-11D3-BF4B-00C04F79EFBC}") = "Lab11_Task", "Lab11_Task\Lab11_Task.csproj", "{1FB72076-34AA-414A-AC09-26CFCEC5AB72}"
EndProject
Project("{FAE04EC0-301F-11D3-BF4B-00C04F79EFBC}") = "WindowsFormsApplication1", "WindowsFormsApplication1\WindowsFormsApplication1.csproj", "{33396457-4E07-4876-A177-110C8B8DDEA3}"
EndProject
Global
	GlobalSection(SolutionConfigurationPlatforms) = preSolution
		Debug|Any CPU = Debug|Any CPU
		Release|Any CPU = Release|Any CPU
	EndGlobalSection
	GlobalSection(ProjectConfigurationPlatforms) = postSolution
		{99DDF25A-84CF-44AC-AA74-2F029F15830A}.Debug|Any CPU.ActiveCfg = Debug|Any CPU
		{99DDF25A-84CF-44AC-AA74-2F029F15830A}.Debug|Any CPU.Build.0 = Debug|Any CPU
		{99DDF25A-84CF-44AC-AA74-2F029F15830A}.Release|Any CPU.ActiveCfg = Release|Any CPU
		{99DDF25A-84CF-44AC-AA74-2F029F15830A}.Release|Any CPU.Build.0 = Release|Any CPU
		{EC3C445D-69DB-44AB-A372-CA541477BE48}.Debug|Any CPU.ActiveCfg = Debug|Any CPU
		{EC3C445D-69DB-44AB-A372-CA541477BE48}.Debug|Any CPU.Build.0 = Debug|Any CPU
		{EC3C445D-69DB-44AB-A372-CA541477BE48}.Release|Any CPU.ActiveCfg = Release|Any CPU
		{EC3C445D-69DB-44AB-A372-CA541477BE48}.Release|Any CPU.Build.0 = Release|Any CPU
		{A78E6855-E524-46DB-9662-6BCA6EA2E9E2}.Debug|Any CPU.ActiveCfg = Debug|Any CPU
		{A78E6855-E524-46DB-9662-6BCA6EA2E9E2}.Debug|Any CPU.Build.0 = Debug|Any CPU
		{A78E6855-E524-46DB-9662-6BCA6EA2E9E2}.Release|Any CPU.ActiveCfg = Release|Any CPU
		{A78E6855-E524-46DB-9662-6BCA6EA2E9E2}.Release|Any CPU.Build.0 = Release|Any CPU
		{B8C06060-6024-4240-8315-41C8C9B7303E}.Debug|Any CPU.ActiveCfg = Debug|Any CPU
		{B8C06060-6024-4240-8315-41C8C9B7303E}.Debug|Any CPU.Build.0 = Debug|Any CPU
		{B8C06060-6024-4240-8315-41C8C9B7303E}.Release|Any CPU.ActiveCfg = Release|Any CPU
		{B8C06060-6024-4240-8315-41C8C9B7303E}.Release|Any CPU.Build.0 = Release|Any CPU
		{ABD8A0F8-1140-4441-8CD2-FFED8E0F233E}.Debug|Any CPU.ActiveCfg = Debug|Any CPU
		{ABD8A0F8-1140-4441-8CD2-FFED8E0F233E}.Debug|Any CPU.Build.0 = Debug|Any CPU
		{ABD8A0F8-1140-4441-8CD2-FFED8E0F233E}.Release|Any CPU.ActiveCfg = Release|Any CPU
		{ABD8A0F8-1140-4441-8CD2-FFED8E0F233E}.Release|Any CPU.Build.0 = Release|Any CPU
		{B507D957-2670-49C5-AAE2-685C81032A21}.Debug|Any CPU.ActiveCfg = Debug|Any CPU
		{B507D957-2670-49C5-AAE2-685C81032A21}.Debug|Any CPU.Build.0 = Debug|Any CPU
		{B507D957-2670-49C5-AAE2-685C81032A21}.Release|Any CPU.ActiveCfg = Release|Any CPU
		{B507D957-2670-49C5-AAE2-685C81032A21}.Release|Any CPU.Build.0 = Release|Any CPU
		{543924B4-E4A7-48D7-919C-EF1006C2A21C}.Debug|Any CPU.ActiveCfg = Debug|Any CPU
		{543924B4-E4A7-48D7-919C-EF1006C2A21C}.Debug|Any CPU.Build.0 = Debug|Any CPU
		{543924B4-E4A7-48D7-919C-EF1006C2A21C}.Release|Any CPU.ActiveCfg = Release|Any CPU
		{543924B4-E4A7-48D7-919C-EF1006C2A21C}.Release|Any CPU.Build.0 = Release|Any CPU
		{835EE203-B110-4E79-86AC-96A2E2414685}.Debug|Any CPU.ActiveCfg = Debug|Any CPU
		{835EE203-B110-4E79-86AC-96A2E2414685}.Debug|Any CPU.Build.0 = Debug|Any CPU
		{835EE203-B110-4E79-86AC-96A2E2414685}.Release|Any CPU.ActiveCfg = Release|Any CPU
		{835EE203-B110-4E79-86AC-96A2E2414685}.Release|Any CPU.Build.0 = Release|Any CPU
		{4B078530-C367-41BD-8E83-9C19F609EFA7}.Debug|Any CPU.ActiveCfg = Debug|Any CPU
		{4B078530-C367-41BD-8E83-9C19F609EFA7}.Debug|Any CPU.Build.0 = Debug|Any CPU
		{4B078530-C367-41BD-8E83-9C19F609EFA7}.Release|Any CPU.ActiveCfg = Release|Any CPU
		{4B078530-C367-41BD-8E83-9C19F609EFA7}.Release|Any CPU.Build.0 = Release|Any CPU
		{807BB574-0608-45C5-AC57-0028FE8B7468}.Debug|Any CPU.ActiveCfg = Debug|Any CPU
		{807BB574-0608-45C5-AC57-0028FE8B7468}.Debug|Any CPU.Build.0 = Debug|Any CPU
		{807BB574-0608-45C5-AC57-0028FE8B7468}.Release|Any CPU.ActiveCfg = Release|Any CPU
		{807BB574-0608-45C5-AC57-0028FE8B7468}.Release|Any CPU.Build.0 = Release|Any CPU
		{7175C594-9AB1-4936-A4DD-1574C86192F0}.Debug|Any CPU.ActiveCfg = Debug|Any CPU
		{7175C594-9AB1-4936-A4DD-1574C86192F0}.Debug|Any CPU.Build.0 = Debug|Any CPU
		{7175C594-9AB1-4936-A4DD-1574C86192F0}.Release|Any CPU.ActiveCfg = Release|Any CPU
		{7175C594-9AB1-4936-A4DD-1574C86192F0}.Release|Any CPU.Build.0 = Release|Any CPU
		{E26B107F-A0C3-40AA-8524-B40629643EC0}.Debug|Any CPU.ActiveCfg = Debug|Any CPU
		{E26B107F-A0C3-40AA-8524-B40629643EC0}.Debug|Any CPU.Build.0 = Debug|Any CPU
		{E26B107F-A0C3-40AA-8524-B40629643EC0}.Release|Any CPU.ActiveCfg = Release|Any CPU
		{E26B107F-A0C3-40AA-8524-B40629643EC0}.Release|Any CPU.Build.0 = Release|Any CPU
		{58CA3E5B-57D3-4CAE-BFF0-F68D471E8E35}.Debug|Any CPU.ActiveCfg = Debug|Any CPU
		{58CA3E5B-57D3-4CAE-BFF0-F68D471E8E35}.Debug|Any CPU.Build.0 = Debug|Any CPU
		{58CA3E5B-57D3-4CAE-BFF0-F68D471E8E35}.Release|Any CPU.ActiveCfg = Release|Any CPU
		{58CA3E5B-57D3-4CAE-BFF0-F68D471E8E35}.Release|Any CPU.Build.0 = Release|Any CPU
		{B7C608AC-F83A-44AE-8E3C-778537C22A3C}.Debug|Any CPU.ActiveCfg = Debug|Any CPU
		{B7C608AC-F83A-44AE-8E3C-778537C22A3C}.Debug|Any CPU.Build.0 = Debug|Any CPU
		{B7C608AC-F83A-44AE-8E3C-778537C22A3C}.Release|Any CPU.ActiveCfg = Release|Any CPU
		{B7C608AC-F83A-44AE-8E3C-778537C22A3C}.Release|Any CPU.Build.0 = Release|Any CPU
		{FF8076DB-B461-407B-934A-160258EF2E22}.Debug|Any CPU.ActiveCfg = Debug|Any CPU
		{FF8076DB-B461-407B-934A-160258EF2E22}.Debug|Any CPU.Build.0 = Debug|Any CPU
		{FF8076DB-B461-407B-934A-160258EF2E22}.Release|Any CPU.ActiveCfg = Release|Any CPU
		{FF8076DB-B461-407B-934A-160258EF2E22}.Release|Any CPU.Build.0 = Release|Any CPU
		{FFB85EB4-2D78-4AFB-9FDD-C6321648D1CB}.Debug|Any CPU.ActiveCfg = Debug|Any CPU
		{FFB85EB4-2D78-4AFB-9FDD-C6321648D1CB}.Debug|Any CPU.Build.0 = Debug|Any CPU
		{FFB85EB4-2D78-4AFB-9FDD-C6321648D1CB}.Release|Any CPU.ActiveCfg = Release|Any CPU
		{FFB85EB4-2D78-4AFB-9FDD-C6321648D1CB}.Release|Any CPU.Build.0 = Release|Any CPU
		{CC6410AB-FE42-4629-8107-5CA680F8CE30}.Debug|Any CPU.ActiveCfg = Debug|Any CPU
		{CC6410AB-FE42-4629-8107-5CA680F8CE30}.Debug|Any CPU.Build.0 = Debug|Any CPU
		{CC6410AB-FE42-4629-8107-5CA680F8CE30}.Release|Any CPU.ActiveCfg = Release|Any CPU
		{CC6410AB-FE42-4629-8107-5CA680F8CE30}.Release|Any CPU.Build.0 = Release|Any CPU
		{BA1B19F5-34D8-453E-BB53-1F41EA426CE7}.Debug|Any CPU.ActiveCfg = Debug|Any CPU
		{BA1B19F5-34D8-453E-BB53-1F41EA426CE7}.Debug|Any CPU.Build.0 = Debug|Any CPU
		{BA1B19F5-34D8-453E-BB53-1F41EA426CE7}.Release|Any CPU.ActiveCfg = Release|Any CPU
		{BA1B19F5-34D8-453E-BB53-1F41EA426CE7}.Release|Any CPU.Build.0 = Release|Any CPU
		{C4510149-4CE9-4370-BCF8-80A0A3E7F600}.Debug|Any CPU.ActiveCfg = Debug|Any CPU
		{C4510149-4CE9-4370-BCF8-80A0A3E7F600}.Debug|Any CPU.Build.0 = Debug|Any CPU
		{C4510149-4CE9-4370-BCF8-80A0A3E7F600}.Release|Any CPU.ActiveCfg = Release|Any CPU
		{C4510149-4CE9-4370-BCF8-80A0A3E7F600}.Release|Any CPU.Build.0 = Release|Any CPU
		{36F1E1A9-E13B-4423-A9F7-518BC476DED0}.Debug|Any CPU.ActiveCfg = Debug|Any CPU
		{36F1E1A9-E13B-4423-A9F7-518BC476DED0}.Debug|Any CPU.Build.0 = Debug|Any CPU
		{36F1E1A9-E13B-4423-A9F7-518BC476DED0}.Release|Any CPU.ActiveCfg = Release|Any CPU
		{36F1E1A9-E13B-4423-A9F7-518BC476DED0}.Release|Any CPU.Build.0 = Release|Any CPU
		{3045FD58-9882-4B4A-B66B-570C2B5CCA83}.Debug|Any CPU.ActiveCfg = Debug|Any CPU
		{3045FD58-9882-4B4A-B66B-570C2B5CCA83}.Debug|Any CPU.Build.0 = Debug|Any CPU
		{3045FD58-9882-4B4A-B66B-570C2B5CCA83}.Release|Any CPU.ActiveCfg = Release|Any CPU
		{3045FD58-9882-4B4A-B66B-570C2B5CCA83}.Release|Any CPU.Build.0 = Release|Any CPU
		{A34015A5-8CB7-4082-9B11-36AF9A1CB61F}.Debug|Any CPU.ActiveCfg = Debug|Any CPU
		{A34015A5-8CB7-4082-9B11-36AF9A1CB61F}.Debug|Any CPU.Build.0 = Debug|Any CPU
		{A34015A5-8CB7-4082-9B11-36AF9A1CB61F}.Release|Any CPU.ActiveCfg = Release|Any CPU
		{A34015A5-8CB7-4082-9B11-36AF9A1CB61F}.Release|Any CPU.Build.0 = Release|Any CPU
		{1EA484CF-F533-4A5C-A067-180E86CEFFBB}.Debug|Any CPU.ActiveCfg = Debug|Any CPU
		{1EA484CF-F533-4A5C-A067-180E86CEFFBB}.Debug|Any CPU.Build.0 = Debug|Any CPU
		{1EA484CF-F533-4A5C-A067-180E86CEFFBB}.Release|Any CPU.ActiveCfg = Release|Any CPU
		{1EA484CF-F533-4A5C-A067-180E86CEFFBB}.Release|Any CPU.Build.0 = Release|Any CPU
		{B8B582D2-31AB-4CCF-9E9F-4F0F962F38B1}.Debug|Any CPU.ActiveCfg = Debug|Any CPU
		{B8B582D2-31AB-4CCF-9E9F-4F0F962F38B1}.Debug|Any CPU.Build.0 = Debug|Any CPU
		{B8B582D2-31AB-4CCF-9E9F-4F0F962F38B1}.Release|Any CPU.ActiveCfg = Release|Any CPU
		{B8B582D2-31AB-4CCF-9E9F-4F0F962F38B1}.Release|Any CPU.Build.0 = Release|Any CPU
		{A703AD88-763D-47F6-9D8B-F6E37408CE67}.Debug|Any CPU.ActiveCfg = Debug|Any CPU
		{A703AD88-763D-47F6-9D8B-F6E37408CE67}.Debug|Any CPU.Build.0 = Debug|Any CPU
		{A703AD88-763D-47F6-9D8B-F6E37408CE67}.Release|Any CPU.ActiveCfg = Release|Any CPU
		{A703AD88-763D-47F6-9D8B-F6E37408CE67}.Release|Any CPU.Build.0 = Release|Any CPU
		{F9A7C09F-D301-420C-9689-F30A08DB92A6}.Debug|Any CPU.ActiveCfg = Debug|Any CPU
		{F9A7C09F-D301-420C-9689-F30A08DB92A6}.Debug|Any CPU.Build.0 = Debug|Any CPU
		{F9A7C09F-D301-420C-9689-F30A08DB92A6}.Release|Any CPU.ActiveCfg = Release|Any CPU
		{F9A7C09F-D301-420C-9689-F30A08DB92A6}.Release|Any CPU.Build.0 = Release|Any CPU
		{21B9D81F-6FA7-4255-9B89-0039AA343CBF}.Debug|Any CPU.ActiveCfg = Debug|Any CPU
		{21B9D81F-6FA7-4255-9B89-0039AA343CBF}.Debug|Any CPU.Build.0 = Debug|Any CPU
		{21B9D81F-6FA7-4255-9B89-0039AA343CBF}.Release|Any CPU.ActiveCfg = Release|Any CPU
		{21B9D81F-6FA7-4255-9B89-0039AA343CBF}.Release|Any CPU.Build.0 = Release|Any CPU
		{320733AB-0B54-4E78-A9B5-06DBD41AAA6A}.Debug|Any CPU.ActiveCfg = Debug|Any CPU
		{320733AB-0B54-4E78-A9B5-06DBD41AAA6A}.Debug|Any CPU.Build.0 = Debug|Any CPU
		{320733AB-0B54-4E78-A9B5-06DBD41AAA6A}.Release|Any CPU.ActiveCfg = Release|Any CPU
		{320733AB-0B54-4E78-A9B5-06DBD41AAA6A}.Release|Any CPU.Build.0 = Release|Any CPU
		{5A448243-FEE3-4B8F-BA7F-A1B920E04EBB}.Debug|Any CPU.ActiveCfg = Debug|Any CPU
		{5A448243-FEE3-4B8F-BA7F-A1B920E04EBB}.Debug|Any CPU.Build.0 = Debug|Any CPU
		{5A448243-FEE3-4B8F-BA7F-A1B920E04EBB}.Release|Any CPU.ActiveCfg = Release|Any CPU
		{5A448243-FEE3-4B8F-BA7F-A1B920E04EBB}.Release|Any CPU.Build.0 = Release|Any CPU
		{1FB72076-34AA-414A-AC09-26CFCEC5AB72}.Debug|Any CPU.ActiveCfg = Debug|Any CPU
		{1FB72076-34AA-414A-AC09-26CFCEC5AB72}.Debug|Any CPU.Build.0 = Debug|Any CPU
		{1FB72076-34AA-414A-AC09-26CFCEC5AB72}.Release|Any CPU.ActiveCfg = Release|Any CPU
		{1FB72076-34AA-414A-AC09-26CFCEC5AB72}.Release|Any CPU.Build.0 = Release|Any CPU
		{33396457-4E07-4876-A177-110C8B8DDEA3}.Debug|Any CPU.ActiveCfg = Debug|Any CPU
		{33396457-4E07-4876-A177-110C8B8DDEA3}.Debug|Any CPU.Build.0 = Debug|Any CPU
		{33396457-4E07-4876-A177-110C8B8DDEA3}.Release|Any CPU.ActiveCfg = Release|Any CPU
		{33396457-4E07-4876-A177-110C8B8DDEA3}.Release|Any CPU.Build.0 = Release|Any CPU
	EndGlobalSection
	GlobalSection(SolutionProperties) = preSolution
		HideSolutionNode = FALSE
	EndGlobalSection
	GlobalSection(NestedProjects) = preSolution
		{99DDF25A-84CF-44AC-AA74-2F029F15830A} = {A74187AB-C9AB-4ECF-8A15-352F5B512D3B}
		{EC3C445D-69DB-44AB-A372-CA541477BE48} = {A74187AB-C9AB-4ECF-8A15-352F5B512D3B}
		{A78E6855-E524-46DB-9662-6BCA6EA2E9E2} = {147BC571-8979-48A3-8057-A480107DC34F}
		{B8C06060-6024-4240-8315-41C8C9B7303E} = {147BC571-8979-48A3-8057-A480107DC34F}
		{ABD8A0F8-1140-4441-8CD2-FFED8E0F233E} = {A74187AB-C9AB-4ECF-8A15-352F5B512D3B}
		{B507D957-2670-49C5-AAE2-685C81032A21} = {A74187AB-C9AB-4ECF-8A15-352F5B512D3B}
		{543924B4-E4A7-48D7-919C-EF1006C2A21C} = {147BC571-8979-48A3-8057-A480107DC34F}
		{835EE203-B110-4E79-86AC-96A2E2414685} = {35D1B899-0C02-490A-9B9A-5978A6556775}
		{4B078530-C367-41BD-8E83-9C19F609EFA7} = {35D1B899-0C02-490A-9B9A-5978A6556775}
		{807BB574-0608-45C5-AC57-0028FE8B7468} = {35D1B899-0C02-490A-9B9A-5978A6556775}
		{7175C594-9AB1-4936-A4DD-1574C86192F0} = {1FE19E09-CD2C-4CAB-B180-B64AF97C005B}
		{E26B107F-A0C3-40AA-8524-B40629643EC0} = {1FE19E09-CD2C-4CAB-B180-B64AF97C005B}
		{58CA3E5B-57D3-4CAE-BFF0-F68D471E8E35} = {1FE19E09-CD2C-4CAB-B180-B64AF97C005B}
		{B7C608AC-F83A-44AE-8E3C-778537C22A3C} = {1FE19E09-CD2C-4CAB-B180-B64AF97C005B}
		{FF8076DB-B461-407B-934A-160258EF2E22} = {8612D25F-E898-4834-A7D8-4D1014A8EE31}
		{FFB85EB4-2D78-4AFB-9FDD-C6321648D1CB} = {8612D25F-E898-4834-A7D8-4D1014A8EE31}
		{CC6410AB-FE42-4629-8107-5CA680F8CE30} = {8612D25F-E898-4834-A7D8-4D1014A8EE31}
		{BA1B19F5-34D8-453E-BB53-1F41EA426CE7} = {52668BC4-6B60-4F34-A45E-74430EAA3277}
		{C4510149-4CE9-4370-BCF8-80A0A3E7F600} = {52668BC4-6B60-4F34-A45E-74430EAA3277}
		{3045FD58-9882-4B4A-B66B-570C2B5CCA83} = {57AF4383-68C9-4D80-B5D0-B45285925C26}
		{A34015A5-8CB7-4082-9B11-36AF9A1CB61F} = {57AF4383-68C9-4D80-B5D0-B45285925C26}
		{1EA484CF-F533-4A5C-A067-180E86CEFFBB} = {57AF4383-68C9-4D80-B5D0-B45285925C26}
		{B8B582D2-31AB-4CCF-9E9F-4F0F962F38B1} = {57AF4383-68C9-4D80-B5D0-B45285925C26}
		{A703AD88-763D-47F6-9D8B-F6E37408CE67} = {0607B87A-F01D-4ABC-B8EC-D45A01021CB1}
		{F9A7C09F-D301-420C-9689-F30A08DB92A6} = {0607B87A-F01D-4ABC-B8EC-D45A01021CB1}
		{21B9D81F-6FA7-4255-9B89-0039AA343CBF} = {809B1B9F-94D9-4177-BF0C-EC67F5628F17}
		{320733AB-0B54-4E78-A9B5-06DBD41AAA6A} = {77F8B82F-1DC4-45CE-BAB4-2300EC573A6F}
		{5A448243-FEE3-4B8F-BA7F-A1B920E04EBB} = {809B1B9F-94D9-4177-BF0C-EC67F5628F17}
		{1FB72076-34AA-414A-AC09-26CFCEC5AB72} = {37AEEEE7-5F07-4A68-9105-11A330736DCB}
	EndGlobalSection
EndGlobal
